
Microsoft Visual Studio Solution File, Format Version 12.00
# Visual Studio Version 17
VisualStudioVersion = 17.11.35208.52
MinimumVisualStudioVersion = 10.0.40219.1
Project("{FAE04EC0-301F-11D3-BF4B-00C04F79EFBC}") = "Repak", "Repak\Repak.csproj", "{EA8C4842-77A3-454A-97A9-79178762C281}"
EndProject
Global
	GlobalSection(SolutionConfigurationPlatforms) = preSolution
		Debug|Any CPU = Debug|Any CPU
		Release|Any CPU = Release|Any CPU
	EndGlobalSection
	GlobalSection(ProjectConfigurationPlatforms) = postSolution
		{EA8C4842-77A3-454A-97A9-79178762C281}.Debug|Any CPU.ActiveCfg = Debug|Any CPU
		{EA8C4842-77A3-454A-97A9-79178762C281}.Debug|Any CPU.Build.0 = Debug|Any CPU
		{EA8C4842-77A3-454A-97A9-79178762C281}.Release|Any CPU.ActiveCfg = Release|Any CPU
		{EA8C4842-77A3-454A-97A9-79178762C281}.Release|Any CPU.Build.0 = Release|Any CPU
	EndGlobalSection
	GlobalSection(SolutionProperties) = preSolution
		HideSolutionNode = FALSE
	EndGlobalSection
	GlobalSection(ExtensibilityGlobals) = postSolution
		SolutionGuid = {16921EDA-F311-4A9F-B344-D643C46E9725}
	EndGlobalSection
EndGlobal
